{
  "name": "sport-class",
  "version": "1.0.0",
  "lockfileVersion": 1,
  "requires": true,
  "dependencies": {
    "axios": {
      "version": "0.21.1",
      "resolved": "https://registry.npmjs.org/axios/-/axios-0.21.1.tgz",
      "integrity": "sha512-dKQiRHxGD9PPRIUNIWvZhPTPpl1rf/OxTYKsqKUDjBwYylTvV7SjSHJb9ratfyzM6wCdLCOYLzs73qpg5c4iGA==",
      "requires": {
        "follow-redirects": "^1.10.0"
      }
    },
    "echarts": {
      "version": "5.0.0",
      "resolved": "https://registry.npm.taobao.org/echarts/download/echarts-5.0.0.tgz?cache=0&sync_timestamp=1606890630019&other_urls=https%3A%2F%2Fregistry.npm.taobao.org%2Fecharts%2Fdownload%2Fecharts-5.0.0.tgz",
      "integrity": "sha1-ZuwOpH48k7Kq37stcZhpkyrRPOA=",
      "requires": {
        "tslib": "1.10.0",
        "zrender": "5.0.1"
      }
    },
    "follow-redirects": {
      "version": "1.13.1",
      "resolved": "https://registry.npmjs.org/follow-redirects/-/follow-redirects-1.13.1.tgz",
      "integrity": "sha512-SSG5xmZh1mkPGyKzjZP8zLjltIfpW32Y5QpdNJyjcfGxK3qo3NDDkZOZSFiGn1A6SclQxY9GzEwAHQ3dmYRWpg=="
    },
    "js-cookie": {
      "version": "2.2.1",
      "resolved": "https://registry.npmjs.org/js-cookie/-/js-cookie-2.2.1.tgz",
      "integrity": "sha512-HvdH2LzI/EAZcUwA8+0nKNtWHqS+ZmijLA30RwZA0bo7ToCckjK5MkGhjED9KoRcXO6BaGI3I9UIzSA1FKFPOQ=="
    },
    "mp-html": {
      "version": "2.0.3",
      "resolved": "https://registry.npmjs.org/mp-html/-/mp-html-2.0.3.tgz",
      "integrity": "sha512-UIss/Tz0oAcfB4mDwsgSLPrZcCNOfYPtUoF+vbANpX/XNYKZE4qhcQIjzg9YGqtkj/d22a8yFYcA59RVDC6ZMQ=="
    },
    "mpvue-echarts": {
      "version": "0.3.2",
      "resolved": "https://registry.npm.taobao.org/mpvue-echarts/download/mpvue-echarts-0.3.2.tgz",
      "integrity": "sha1-4Iqd2CM9zjBuJIo0cL9/AnlCKsI="
    },
    "qs": {
      "version": "6.9.6",
      "resolved": "https://registry.npmjs.org/qs/-/qs-6.9.6.tgz",
      "integrity": "sha512-TIRk4aqYLNoJUbd+g2lEdz5kLWIuTMRagAXxl78Q0RiVjAOugHmeKNGdd3cwo/ktpf9aL9epCfFqWDEKysUlLQ=="
    },
    "tslib": {
      "version": "1.10.0",
      "resolved": "https://registry.npm.taobao.org/tslib/download/tslib-1.10.0.tgz?cache=0&sync_timestamp=1609887539329&other_urls=https%3A%2F%2Fregistry.npm.taobao.org%2Ftslib%2Fdownload%2Ftslib-1.10.0.tgz",
      "integrity": "sha1-w8GflZc/sKYpc/sJ2Q2WHuQ+XIo="
    },
    "zrender": {
      "version": "5.0.1",
      "resolved": "https://registry.npm.taobao.org/zrender/download/zrender-5.0.1.tgz?cache=0&sync_timestamp=1605884134992&other_urls=https%3A%2F%2Fregistry.npm.taobao.org%2Fzrender%2Fdownload%2Fzrender-5.0.1.tgz",
      "integrity": "sha1-zDdxNqnQDQoXfKf2XDKu0pAZKNo=",
      "requires": {
        "tslib": "1.10.0"
      }
    }
  }
}
